// !$*UTF8*$!
{
	archiveVersion = 1;
	classes = {
	};
	objectVersion = 46;
	objects = {

/* Begin PBXBuildFile section */
		4AA37EAD9B854D3891F24025 /* libPods.a in Frameworks */ = {isa = PBXBuildFile; fileRef = D77259C9EF2F4C21AC186FF1 /* libPods.a */; };
		6B196E0719312ED200D675C7 /* Foundation.framework in Frameworks */ = {isa = PBXBuildFile; fileRef = 6B196E0619312ED200D675C7 /* Foundation.framework */; };
		6B196E0919312ED200D675C7 /* CoreGraphics.framework in Frameworks */ = {isa = PBXBuildFile; fileRef = 6B196E0819312ED200D675C7 /* CoreGraphics.framework */; };
		6B196E0B19312ED200D675C7 /* UIKit.framework in Frameworks */ = {isa = PBXBuildFile; fileRef = 6B196E0A19312ED200D675C7 /* UIKit.framework */; };
		6B196E1119312ED200D675C7 /* InfoPlist.strings in Resources */ = {isa = PBXBuildFile; fileRef = 6B196E0F19312ED200D675C7 /* InfoPlist.strings */; };
		6B196E1319312ED200D675C7 /* main.m in Sources */ = {isa = PBXBuildFile; fileRef = 6B196E1219312ED200D675C7 /* main.m */; };
		6B196E1719312ED200D675C7 /* AppDelegate.m in Sources */ = {isa = PBXBuildFile; fileRef = 6B196E1619312ED200D675C7 /* AppDelegate.m */; };
		6B196E1A19312ED200D675C7 /* Main.storyboard in Resources */ = {isa = PBXBuildFile; fileRef = 6B196E1819312ED200D675C7 /* Main.storyboard */; };
		6B196E1D19312ED200D675C7 /* LoginViewController.m in Sources */ = {isa = PBXBuildFile; fileRef = 6B196E1C19312ED200D675C7 /* LoginViewController.m */; };
		6B196E1F19312ED200D675C7 /* Images.xcassets in Resources */ = {isa = PBXBuildFile; fileRef = 6B196E1E19312ED200D675C7 /* Images.xcassets */; };
		6B196E2619312ED200D675C7 /* XCTest.framework in Frameworks */ = {isa = PBXBuildFile; fileRef = 6B196E2519312ED200D675C7 /* XCTest.framework */; };
		6B196E2719312ED200D675C7 /* Foundation.framework in Frameworks */ = {isa = PBXBuildFile; fileRef = 6B196E0619312ED200D675C7 /* Foundation.framework */; };
		6B196E2819312ED200D675C7 /* UIKit.framework in Frameworks */ = {isa = PBXBuildFile; fileRef = 6B196E0A19312ED200D675C7 /* UIKit.framework */; };
		6B196E3019312ED200D675C7 /* InfoPlist.strings in Resources */ = {isa = PBXBuildFile; fileRef = 6B196E2E19312ED200D675C7 /* InfoPlist.strings */; };
		6B196E3219312ED200D675C7 /* PerfectBindingTests.m in Sources */ = {isa = PBXBuildFile; fileRef = 6B196E3119312ED200D675C7 /* PerfectBindingTests.m */; };
		6B196E41193135A300D675C7 /* fb_button.png in Resources */ = {isa = PBXBuildFile; fileRef = 6B196E3D193135A300D675C7 /* fb_button.png */; };
		6B196E42193135A300D675C7 /* fb_button@2x.png in Resources */ = {isa = PBXBuildFile; fileRef = 6B196E3E193135A300D675C7 /* fb_button@2x.png */; };
		6B196E43193135A300D675C7 /* fb_button_pressed.png in Resources */ = {isa = PBXBuildFile; fileRef = 6B196E3F193135A300D675C7 /* fb_button_pressed.png */; };
		6B196E44193135A300D675C7 /* fb_button_pressed@2x.png in Resources */ = {isa = PBXBuildFile; fileRef = 6B196E40193135A300D675C7 /* fb_button_pressed@2x.png */; };
		6B196E4719313B2300D675C7 /* separatorTimelineDark.png in Resources */ = {isa = PBXBuildFile; fileRef = 6B196E4519313B2300D675C7 /* separatorTimelineDark.png */; };
		6B196E4819313B2300D675C7 /* separatorTimelineDark@2x.png in Resources */ = {isa = PBXBuildFile; fileRef = 6B196E4619313B2300D675C7 /* separatorTimelineDark@2x.png */; };
		6B196E4E1931448200D675C7 /* TableViewController.m in Sources */ = {isa = PBXBuildFile; fileRef = 6B196E4D1931448200D675C7 /* TableViewController.m */; };
		6B196E571931464700D675C7 /* HomeViewController.m in Sources */ = {isa = PBXBuildFile; fileRef = 6B196E561931464700D675C7 /* HomeViewController.m */; };
		6B196E5D19326CCD00D675C7 /* AudioToolbox.framework in Frameworks */ = {isa = PBXBuildFile; fileRef = 6B196E5C19326CCD00D675C7 /* AudioToolbox.framework */; };
		6B196E5F19326CD900D675C7 /* CFNetwork.framework in Frameworks */ = {isa = PBXBuildFile; fileRef = 6B196E5E19326CD900D675C7 /* CFNetwork.framework */; };
		6B196E6119326CED00D675C7 /* CoreLocation.framework in Frameworks */ = {isa = PBXBuildFile; fileRef = 6B196E6019326CED00D675C7 /* CoreLocation.framework */; };
		6B196E6319326CF800D675C7 /* libz.dylib in Frameworks */ = {isa = PBXBuildFile; fileRef = 6B196E6219326CF800D675C7 /* libz.dylib */; };
		6B196E6519326D0200D675C7 /* MobileCoreServices.framework in Frameworks */ = {isa = PBXBuildFile; fileRef = 6B196E6419326D0200D675C7 /* MobileCoreServices.framework */; };
		6B196E6719326D0E00D675C7 /* QuartzCore.framework in Frameworks */ = {isa = PBXBuildFile; fileRef = 6B196E6619326D0E00D675C7 /* QuartzCore.framework */; };
		6B196E6919326D1F00D675C7 /* Security.framework in Frameworks */ = {isa = PBXBuildFile; fileRef = 6B196E6819326D1F00D675C7 /* Security.framework */; };
		6B196E6B19326D2700D675C7 /* StoreKit.framework in Frameworks */ = {isa = PBXBuildFile; fileRef = 6B196E6A19326D2700D675C7 /* StoreKit.framework */; };
		6B196E6D19326D3700D675C7 /* SystemConfiguration.framework in Frameworks */ = {isa = PBXBuildFile; fileRef = 6B196E6C19326D3700D675C7 /* SystemConfiguration.framework */; };
		6B265AAE194BA9F200D71864 /* DTableViewCell.m in Sources */ = {isa = PBXBuildFile; fileRef = 6B265AAD194BA9F200D71864 /* DTableViewCell.m */; };
		6B265AB3194EA4B600D71864 /* TextAnswerCell.m in Sources */ = {isa = PBXBuildFile; fileRef = 6B265AB2194EA4B600D71864 /* TextAnswerCell.m */; };
		6B265AB6194F560500D71864 /* DDTableViewCell.m in Sources */ = {isa = PBXBuildFile; fileRef = 6B265AB5194F560500D71864 /* DDTableViewCell.m */; };
		6B265ABA194F564700D71864 /* DDTableViewController.m in Sources */ = {isa = PBXBuildFile; fileRef = 6B265AB9194F564700D71864 /* DDTableViewController.m */; };
		6B67920B1944E178001D8F8D /* TableViewCell.m in Sources */ = {isa = PBXBuildFile; fileRef = 6B6792091944E178001D8F8D /* TableViewCell.m */; };
		6BA2C784196F3C58005B21A9 /* DDDTableViewController.m in Sources */ = {isa = PBXBuildFile; fileRef = 6BA2C783196F3C58005B21A9 /* DDDTableViewController.m */; };
		6BA2C788196F3C9E005B21A9 /* DDDTableViewCell.m in Sources */ = {isa = PBXBuildFile; fileRef = 6BA2C787196F3C9E005B21A9 /* DDDTableViewCell.m */; };
		6BAF6ACF1946B337009DDE4F /* DTableViewController.m in Sources */ = {isa = PBXBuildFile; fileRef = 6BAF6ACE1946B337009DDE4F /* DTableViewController.m */; };
		6BF3EB1319663A93008B1A99 /* library.png in Resources */ = {isa = PBXBuildFile; fileRef = 6BF3EB1219663A93008B1A99 /* library.png */; };
/* End PBXBuildFile section */

/* Begin PBXContainerItemProxy section */
		6B196E2919312ED200D675C7 /* PBXContainerItemProxy */ = {
			isa = PBXContainerItemProxy;
			containerPortal = 6B196DFB19312ED200D675C7 /* Project object */;
			proxyType = 1;
			remoteGlobalIDString = 6B196E0219312ED200D675C7;
			remoteInfo = PerfectBinding;
		};
/* End PBXContainerItemProxy section */

/* Begin PBXFileReference section */
		042B7906D6BF4C45B67B20BF /* Pods.xcconfig */ = {isa = PBXFileReference; includeInIndex = 1; lastKnownFileType = text.xcconfig; name = Pods.xcconfig; path = Pods/Pods.xcconfig; sourceTree = "<group>"; };
		6B196E0319312ED200D675C7 /* PerfectBinding.app */ = {isa = PBXFileReference; explicitFileType = wrapper.application; includeInIndex = 0; path = PerfectBinding.app; sourceTree = BUILT_PRODUCTS_DIR; };
		6B196E0619312ED200D675C7 /* Foundation.framework */ = {isa = PBXFileReference; lastKnownFileType = wrapper.framework; name = Foundation.framework; path = System/Library/Frameworks/Foundation.framework; sourceTree = SDKROOT; };
		6B196E0819312ED200D675C7 /* CoreGraphics.framework */ = {isa = PBXFileReference; lastKnownFileType = wrapper.framework; name = CoreGraphics.framework; path = System/Library/Frameworks/CoreGraphics.framework; sourceTree = SDKROOT; };
		6B196E0A19312ED200D675C7 /* UIKit.framework */ = {isa = PBXFileReference; lastKnownFileType = wrapper.framework; name = UIKit.framework; path = System/Library/Frameworks/UIKit.framework; sourceTree = SDKROOT; };
		6B196E0E19312ED200D675C7 /* PerfectBinding-Info.plist */ = {isa = PBXFileReference; lastKnownFileType = text.plist.xml; path = "PerfectBinding-Info.plist"; sourceTree = "<group>"; };
		6B196E1019312ED200D675C7 /* en */ = {isa = PBXFileReference; lastKnownFileType = text.plist.strings; name = en; path = en.lproj/InfoPlist.strings; sourceTree = "<group>"; };
		6B196E1219312ED200D675C7 /* main.m */ = {isa = PBXFileReference; lastKnownFileType = sourcecode.c.objc; path = main.m; sourceTree = "<group>"; };
		6B196E1419312ED200D675C7 /* PerfectBinding-Prefix.pch */ = {isa = PBXFileReference; lastKnownFileType = sourcecode.c.h; path = "PerfectBinding-Prefix.pch"; sourceTree = "<group>"; };
		6B196E1519312ED200D675C7 /* AppDelegate.h */ = {isa = PBXFileReference; lastKnownFileType = sourcecode.c.h; path = AppDelegate.h; sourceTree = "<group>"; };
		6B196E1619312ED200D675C7 /* AppDelegate.m */ = {isa = PBXFileReference; lastKnownFileType = sourcecode.c.objc; path = AppDelegate.m; sourceTree = "<group>"; };
		6B196E1919312ED200D675C7 /* Base */ = {isa = PBXFileReference; lastKnownFileType = file.storyboard; name = Base; path = Base.lproj/Main.storyboard; sourceTree = "<group>"; };
		6B196E1B19312ED200D675C7 /* LoginViewController.h */ = {isa = PBXFileReference; lastKnownFileType = sourcecode.c.h; path = LoginViewController.h; sourceTree = "<group>"; };
		6B196E1C19312ED200D675C7 /* LoginViewController.m */ = {isa = PBXFileReference; lastKnownFileType = sourcecode.c.objc; path = LoginViewController.m; sourceTree = "<group>"; };
		6B196E1E19312ED200D675C7 /* Images.xcassets */ = {isa = PBXFileReference; lastKnownFileType = folder.assetcatalog; path = Images.xcassets; sourceTree = "<group>"; };
		6B196E2419312ED200D675C7 /* PerfectBindingTests.xctest */ = {isa = PBXFileReference; explicitFileType = wrapper.cfbundle; includeInIndex = 0; path = PerfectBindingTests.xctest; sourceTree = BUILT_PRODUCTS_DIR; };
		6B196E2519312ED200D675C7 /* XCTest.framework */ = {isa = PBXFileReference; lastKnownFileType = wrapper.framework; name = XCTest.framework; path = Library/Frameworks/XCTest.framework; sourceTree = DEVELOPER_DIR; };
		6B196E2D19312ED200D675C7 /* PerfectBindingTests-Info.plist */ = {isa = PBXFileReference; lastKnownFileType = text.plist.xml; path = "PerfectBindingTests-Info.plist"; sourceTree = "<group>"; };
		6B196E2F19312ED200D675C7 /* en */ = {isa = PBXFileReference; lastKnownFileType = text.plist.strings; name = en; path = en.lproj/InfoPlist.strings; sourceTree = "<group>"; };
		6B196E3119312ED200D675C7 /* PerfectBindingTests.m */ = {isa = PBXFileReference; lastKnownFileType = sourcecode.c.objc; path = PerfectBindingTests.m; sourceTree = "<group>"; };
		6B196E3D193135A300D675C7 /* fb_button.png */ = {isa = PBXFileReference; lastKnownFileType = image.png; path = fb_button.png; sourceTree = "<group>"; };
		6B196E3E193135A300D675C7 /* fb_button@2x.png */ = {isa = PBXFileReference; lastKnownFileType = image.png; path = "fb_button@2x.png"; sourceTree = "<group>"; };
		6B196E3F193135A300D675C7 /* fb_button_pressed.png */ = {isa = PBXFileReference; lastKnownFileType = image.png; path = fb_button_pressed.png; sourceTree = "<group>"; };
		6B196E40193135A300D675C7 /* fb_button_pressed@2x.png */ = {isa = PBXFileReference; lastKnownFileType = image.png; path = "fb_button_pressed@2x.png"; sourceTree = "<group>"; };
		6B196E4519313B2300D675C7 /* separatorTimelineDark.png */ = {isa = PBXFileReference; lastKnownFileType = image.png; path = separatorTimelineDark.png; sourceTree = "<group>"; };
		6B196E4619313B2300D675C7 /* separatorTimelineDark@2x.png */ = {isa = PBXFileReference; lastKnownFileType = image.png; path = "separatorTimelineDark@2x.png"; sourceTree = "<group>"; };
		6B196E4C1931448200D675C7 /* TableViewController.h */ = {isa = PBXFileReference; fileEncoding = 4; lastKnownFileType = sourcecode.c.h; path = TableViewController.h; sourceTree = "<group>"; };
		6B196E4D1931448200D675C7 /* TableViewController.m */ = {isa = PBXFileReference; fileEncoding = 4; lastKnownFileType = sourcecode.c.objc; path = TableViewController.m; sourceTree = "<group>"; };
		6B196E551931464700D675C7 /* HomeViewController.h */ = {isa = PBXFileReference; fileEncoding = 4; lastKnownFileType = sourcecode.c.h; path = HomeViewController.h; sourceTree = "<group>"; };
		6B196E561931464700D675C7 /* HomeViewController.m */ = {isa = PBXFileReference; fileEncoding = 4; lastKnownFileType = sourcecode.c.objc; path = HomeViewController.m; sourceTree = "<group>"; };
		6B196E5C19326CCD00D675C7 /* AudioToolbox.framework */ = {isa = PBXFileReference; lastKnownFileType = wrapper.framework; name = AudioToolbox.framework; path = System/Library/Frameworks/AudioToolbox.framework; sourceTree = SDKROOT; };
		6B196E5E19326CD900D675C7 /* CFNetwork.framework */ = {isa = PBXFileReference; lastKnownFileType = wrapper.framework; name = CFNetwork.framework; path = System/Library/Frameworks/CFNetwork.framework; sourceTree = SDKROOT; };
		6B196E6019326CED00D675C7 /* CoreLocation.framework */ = {isa = PBXFileReference; lastKnownFileType = wrapper.framework; name = CoreLocation.framework; path = System/Library/Frameworks/CoreLocation.framework; sourceTree = SDKROOT; };
		6B196E6219326CF800D675C7 /* libz.dylib */ = {isa = PBXFileReference; lastKnownFileType = "compiled.mach-o.dylib"; name = libz.dylib; path = usr/lib/libz.dylib; sourceTree = SDKROOT; };
		6B196E6419326D0200D675C7 /* MobileCoreServices.framework */ = {isa = PBXFileReference; lastKnownFileType = wrapper.framework; name = MobileCoreServices.framework; path = System/Library/Frameworks/MobileCoreServices.framework; sourceTree = SDKROOT; };
		6B196E6619326D0E00D675C7 /* QuartzCore.framework */ = {isa = PBXFileReference; lastKnownFileType = wrapper.framework; name = QuartzCore.framework; path = System/Library/Frameworks/QuartzCore.framework; sourceTree = SDKROOT; };
		6B196E6819326D1F00D675C7 /* Security.framework */ = {isa = PBXFileReference; lastKnownFileType = wrapper.framework; name = Security.framework; path = System/Library/Frameworks/Security.framework; sourceTree = SDKROOT; };
		6B196E6A19326D2700D675C7 /* StoreKit.framework */ = {isa = PBXFileReference; lastKnownFileType = wrapper.framework; name = StoreKit.framework; path = System/Library/Frameworks/StoreKit.framework; sourceTree = SDKROOT; };
		6B196E6C19326D3700D675C7 /* SystemConfiguration.framework */ = {isa = PBXFileReference; lastKnownFileType = wrapper.framework; name = SystemConfiguration.framework; path = System/Library/Frameworks/SystemConfiguration.framework; sourceTree = SDKROOT; };
		6B265AAC194BA9F200D71864 /* DTableViewCell.h */ = {isa = PBXFileReference; fileEncoding = 4; lastKnownFileType = sourcecode.c.h; path = DTableViewCell.h; sourceTree = "<group>"; };
		6B265AAD194BA9F200D71864 /* DTableViewCell.m */ = {isa = PBXFileReference; fileEncoding = 4; lastKnownFileType = sourcecode.c.objc; path = DTableViewCell.m; sourceTree = "<group>"; };
		6B265AB1194EA4B600D71864 /* TextAnswerCell.h */ = {isa = PBXFileReference; fileEncoding = 4; lastKnownFileType = sourcecode.c.h; path = TextAnswerCell.h; sourceTree = "<group>"; };
		6B265AB2194EA4B600D71864 /* TextAnswerCell.m */ = {isa = PBXFileReference; fileEncoding = 4; lastKnownFileType = sourcecode.c.objc; path = TextAnswerCell.m; sourceTree = "<group>"; };
		6B265AB4194F560500D71864 /* DDTableViewCell.h */ = {isa = PBXFileReference; fileEncoding = 4; lastKnownFileType = sourcecode.c.h; path = DDTableViewCell.h; sourceTree = "<group>"; };
		6B265AB5194F560500D71864 /* DDTableViewCell.m */ = {isa = PBXFileReference; fileEncoding = 4; lastKnownFileType = sourcecode.c.objc; path = DDTableViewCell.m; sourceTree = "<group>"; };
		6B265AB8194F564700D71864 /* DDTableViewController.h */ = {isa = PBXFileReference; fileEncoding = 4; lastKnownFileType = sourcecode.c.h; path = DDTableViewController.h; sourceTree = "<group>"; };
		6B265AB9194F564700D71864 /* DDTableViewController.m */ = {isa = PBXFileReference; fileEncoding = 4; lastKnownFileType = sourcecode.c.objc; path = DDTableViewController.m; sourceTree = "<group>"; };
		6B6792081944E178001D8F8D /* TableViewCell.h */ = {isa = PBXFileReference; fileEncoding = 4; lastKnownFileType = sourcecode.c.h; path = TableViewCell.h; sourceTree = "<group>"; };
		6B6792091944E178001D8F8D /* TableViewCell.m */ = {isa = PBXFileReference; fileEncoding = 4; lastKnownFileType = sourcecode.c.objc; path = TableViewCell.m; sourceTree = "<group>"; };
		6BA2C782196F3C58005B21A9 /* DDDTableViewController.h */ = {isa = PBXFileReference; fileEncoding = 4; lastKnownFileType = sourcecode.c.h; path = DDDTableViewController.h; sourceTree = "<group>"; };
		6BA2C783196F3C58005B21A9 /* DDDTableViewController.m */ = {isa = PBXFileReference; fileEncoding = 4; lastKnownFileType = sourcecode.c.objc; path = DDDTableViewController.m; sourceTree = "<group>"; };
		6BA2C786196F3C9E005B21A9 /* DDDTableViewCell.h */ = {isa = PBXFileReference; fileEncoding = 4; lastKnownFileType = sourcecode.c.h; path = DDDTableViewCell.h; sourceTree = "<group>"; };
		6BA2C787196F3C9E005B21A9 /* DDDTableViewCell.m */ = {isa = PBXFileReference; fileEncoding = 4; lastKnownFileType = sourcecode.c.objc; path = DDDTableViewCell.m; sourceTree = "<group>"; };
		6BAF6ACD1946B337009DDE4F /* DTableViewController.h */ = {isa = PBXFileReference; fileEncoding = 4; lastKnownFileType = sourcecode.c.h; path = DTableViewController.h; sourceTree = "<group>"; };
		6BAF6ACE1946B337009DDE4F /* DTableViewController.m */ = {isa = PBXFileReference; fileEncoding = 4; lastKnownFileType = sourcecode.c.objc; path = DTableViewController.m; sourceTree = "<group>"; };
		6BF3EB1219663A93008B1A99 /* library.png */ = {isa = PBXFileReference; lastKnownFileType = image.png; name = library.png; path = ../../../../Documents/PerfectBinding/Resources/Assets/library.png; sourceTree = "<group>"; };
		6BFBF1F3196489F300C42644 /* Constants.h */ = {isa = PBXFileReference; lastKnownFileType = sourcecode.c.h; path = Constants.h; sourceTree = "<group>"; };
		D77259C9EF2F4C21AC186FF1 /* libPods.a */ = {isa = PBXFileReference; explicitFileType = archive.ar; includeInIndex = 0; path = libPods.a; sourceTree = BUILT_PRODUCTS_DIR; };
/* End PBXFileReference section */

/* Begin PBXFrameworksBuildPhase section */
		6B196E0019312ED200D675C7 /* Frameworks */ = {
			isa = PBXFrameworksBuildPhase;
			buildActionMask = 2147483647;
			files = (
				6B196E6D19326D3700D675C7 /* SystemConfiguration.framework in Frameworks */,
				6B196E6B19326D2700D675C7 /* StoreKit.framework in Frameworks */,
				6B196E6919326D1F00D675C7 /* Security.framework in Frameworks */,
				6B196E6719326D0E00D675C7 /* QuartzCore.framework in Frameworks */,
				6B196E6519326D0200D675C7 /* MobileCoreServices.framework in Frameworks */,
				6B196E6319326CF800D675C7 /* libz.dylib in Frameworks */,
				6B196E6119326CED00D675C7 /* CoreLocation.framework in Frameworks */,
				6B196E0919312ED200D675C7 /* CoreGraphics.framework in Frameworks */,
				6B196E5F19326CD900D675C7 /* CFNetwork.framework in Frameworks */,
				6B196E5D19326CCD00D675C7 /* AudioToolbox.framework in Frameworks */,
				6B196E0B19312ED200D675C7 /* UIKit.framework in Frameworks */,
				6B196E0719312ED200D675C7 /* Foundation.framework in Frameworks */,
				4AA37EAD9B854D3891F24025 /* libPods.a in Frameworks */,
			);
			runOnlyForDeploymentPostprocessing = 0;
		};
		6B196E2119312ED200D675C7 /* Frameworks */ = {
			isa = PBXFrameworksBuildPhase;
			buildActionMask = 2147483647;
			files = (
				6B196E2619312ED200D675C7 /* XCTest.framework in Frameworks */,
				6B196E2819312ED200D675C7 /* UIKit.framework in Frameworks */,
				6B196E2719312ED200D675C7 /* Foundation.framework in Frameworks */,
			);
			runOnlyForDeploymentPostprocessing = 0;
		};
/* End PBXFrameworksBuildPhase section */

/* Begin PBXGroup section */
		6B196DFA19312ED200D675C7 = {
			isa = PBXGroup;
			children = (
				6B196E0C19312ED200D675C7 /* PerfectBinding */,
				6B196E2B19312ED200D675C7 /* PerfectBindingTests */,
				6B196E0519312ED200D675C7 /* Frameworks */,
				6B196E0419312ED200D675C7 /* Products */,
				042B7906D6BF4C45B67B20BF /* Pods.xcconfig */,
			);
			sourceTree = "<group>";
		};
		6B196E0419312ED200D675C7 /* Products */ = {
			isa = PBXGroup;
			children = (
				6B196E0319312ED200D675C7 /* PerfectBinding.app */,
				6B196E2419312ED200D675C7 /* PerfectBindingTests.xctest */,
			);
			name = Products;
			sourceTree = "<group>";
		};
		6B196E0519312ED200D675C7 /* Frameworks */ = {
			isa = PBXGroup;
			children = (
				6B196E6C19326D3700D675C7 /* SystemConfiguration.framework */,
				6B196E6A19326D2700D675C7 /* StoreKit.framework */,
				6B196E6819326D1F00D675C7 /* Security.framework */,
				6B196E6619326D0E00D675C7 /* QuartzCore.framework */,
				6B196E6419326D0200D675C7 /* MobileCoreServices.framework */,
				6B196E6219326CF800D675C7 /* libz.dylib */,
				6B196E6019326CED00D675C7 /* CoreLocation.framework */,
				6B196E5E19326CD900D675C7 /* CFNetwork.framework */,
				6B196E5C19326CCD00D675C7 /* AudioToolbox.framework */,
				6B196E0619312ED200D675C7 /* Foundation.framework */,
				6B196E0819312ED200D675C7 /* CoreGraphics.framework */,
				6B196E0A19312ED200D675C7 /* UIKit.framework */,
				6B196E2519312ED200D675C7 /* XCTest.framework */,
				D77259C9EF2F4C21AC186FF1 /* libPods.a */,
			);
			name = Frameworks;
			sourceTree = "<group>";
		};
		6B196E0C19312ED200D675C7 /* PerfectBinding */ = {
			isa = PBXGroup;
			children = (
				6BFBF1F3196489F300C42644 /* Constants.h */,
				6B196E1519312ED200D675C7 /* AppDelegate.h */,
				6B196E1619312ED200D675C7 /* AppDelegate.m */,
				6B196E1819312ED200D675C7 /* Main.storyboard */,
				6BA2C785196F3C5E005B21A9 /* QuestionsDDD */,
				6B265AB7194F560900D71864 /* QuestionsDD */,
				6B265AB0194BAA4100D71864 /* QuestionDetails */,
				6B265AAF194BAA0900D71864 /* Questions */,
				6B196E551931464700D675C7 /* HomeViewController.h */,
				6B196E561931464700D675C7 /* HomeViewController.m */,
				6B196E1B19312ED200D675C7 /* LoginViewController.h */,
				6B196E1C19312ED200D675C7 /* LoginViewController.m */,
				6B196E1E19312ED200D675C7 /* Images.xcassets */,
				6B196E0D19312ED200D675C7 /* Supporting Files */,
			);
			path = PerfectBinding;
			sourceTree = "<group>";
		};
		6B196E0D19312ED200D675C7 /* Supporting Files */ = {
			isa = PBXGroup;
			children = (
				6B196E0E19312ED200D675C7 /* PerfectBinding-Info.plist */,
				6B196E0F19312ED200D675C7 /* InfoPlist.strings */,
				6B196E1219312ED200D675C7 /* main.m */,
				6B196E1419312ED200D675C7 /* PerfectBinding-Prefix.pch */,
				6B196E3B193135A300D675C7 /* Resources */,
			);
			name = "Supporting Files";
			sourceTree = "<group>";
		};
		6B196E2B19312ED200D675C7 /* PerfectBindingTests */ = {
			isa = PBXGroup;
			children = (
				6B196E3119312ED200D675C7 /* PerfectBindingTests.m */,
				6B196E2C19312ED200D675C7 /* Supporting Files */,
			);
			path = PerfectBindingTests;
			sourceTree = "<group>";
		};
		6B196E2C19312ED200D675C7 /* Supporting Files */ = {
			isa = PBXGroup;
			children = (
				6B196E2D19312ED200D675C7 /* PerfectBindingTests-Info.plist */,
				6B196E2E19312ED200D675C7 /* InfoPlist.strings */,
			);
			name = "Supporting Files";
			sourceTree = "<group>";
		};
		6B196E3B193135A300D675C7 /* Resources */ = {
			isa = PBXGroup;
			children = (
				6B196E3C193135A300D675C7 /* Assets */,
			);
			path = Resources;
			sourceTree = SOURCE_ROOT;
		};
		6B196E3C193135A300D675C7 /* Assets */ = {
			isa = PBXGroup;
			children = (
				6BF3EB1219663A93008B1A99 /* library.png */,
				6B196E4519313B2300D675C7 /* separatorTimelineDark.png */,
				6B196E4619313B2300D675C7 /* separatorTimelineDark@2x.png */,
				6B196E3D193135A300D675C7 /* fb_button.png */,
				6B196E3E193135A300D675C7 /* fb_button@2x.png */,
				6B196E3F193135A300D675C7 /* fb_button_pressed.png */,
				6B196E40193135A300D675C7 /* fb_button_pressed@2x.png */,
			);
			path = Assets;
			sourceTree = "<group>";
		};
		6B265AAF194BAA0900D71864 /* Questions */ = {
			isa = PBXGroup;
			children = (
				6B6792081944E178001D8F8D /* TableViewCell.h */,
				6B6792091944E178001D8F8D /* TableViewCell.m */,
				6B196E4C1931448200D675C7 /* TableViewController.h */,
				6B196E4D1931448200D675C7 /* TableViewController.m */,
			);
			name = Questions;
			sourceTree = "<group>";
		};
		6B265AB0194BAA4100D71864 /* QuestionDetails */ = {
			isa = PBXGroup;
			children = (
				6B265AB1194EA4B600D71864 /* TextAnswerCell.h */,
				6B265AB2194EA4B600D71864 /* TextAnswerCell.m */,
				6B265AAC194BA9F200D71864 /* DTableViewCell.h */,
				6B265AAD194BA9F200D71864 /* DTableViewCell.m */,
				6BAF6ACD1946B337009DDE4F /* DTableViewController.h */,
				6BAF6ACE1946B337009DDE4F /* DTableViewController.m */,
			);
			name = QuestionDetails;
			sourceTree = "<group>";
		};
		6B265AB7194F560900D71864 /* QuestionsDD */ = {
			isa = PBXGroup;
			children = (
				6B265AB4194F560500D71864 /* DDTableViewCell.h */,
				6B265AB5194F560500D71864 /* DDTableViewCell.m */,
				6B265AB8194F564700D71864 /* DDTableViewController.h */,
				6B265AB9194F564700D71864 /* DDTableViewController.m */,
			);
			name = QuestionsDD;
			sourceTree = "<group>";
		};
		6BA2C785196F3C5E005B21A9 /* QuestionsDDD */ = {
			isa = PBXGroup;
			children = (
				6BA2C786196F3C9E005B21A9 /* DDDTableViewCell.h */,
				6BA2C787196F3C9E005B21A9 /* DDDTableViewCell.m */,
				6BA2C782196F3C58005B21A9 /* DDDTableViewController.h */,
				6BA2C783196F3C58005B21A9 /* DDDTableViewController.m */,
			);
			name = QuestionsDDD;
			sourceTree = "<group>";
		};
/* End PBXGroup section */

/* Begin PBXNativeTarget section */
		6B196E0219312ED200D675C7 /* PerfectBinding */ = {
			isa = PBXNativeTarget;
			buildConfigurationList = 6B196E3519312ED200D675C7 /* Build configuration list for PBXNativeTarget "PerfectBinding" */;
			buildPhases = (
				FA8E9CA0E402468A81617AE8 /* Check Pods Manifest.lock */,
				6B196DFF19312ED200D675C7 /* Sources */,
				6B196E0019312ED200D675C7 /* Frameworks */,
				6B196E0119312ED200D675C7 /* Resources */,
				567FCAC239F14F32B9AD6629 /* Copy Pods Resources */,
			);
			buildRules = (
			);
			dependencies = (
			);
			name = PerfectBinding;
			productName = PerfectBinding;
			productReference = 6B196E0319312ED200D675C7 /* PerfectBinding.app */;
			productType = "com.apple.product-type.application";
		};
		6B196E2319312ED200D675C7 /* PerfectBindingTests */ = {
			isa = PBXNativeTarget;
			buildConfigurationList = 6B196E3819312ED200D675C7 /* Build configuration list for PBXNativeTarget "PerfectBindingTests" */;
			buildPhases = (
				6B196E2019312ED200D675C7 /* Sources */,
				6B196E2119312ED200D675C7 /* Frameworks */,
				6B196E2219312ED200D675C7 /* Resources */,
			);
			buildRules = (
			);
			dependencies = (
				6B196E2A19312ED200D675C7 /* PBXTargetDependency */,
			);
			name = PerfectBindingTests;
			productName = PerfectBindingTests;
			productReference = 6B196E2419312ED200D675C7 /* PerfectBindingTests.xctest */;
			productType = "com.apple.product-type.bundle.unit-test";
		};
/* End PBXNativeTarget section */

/* Begin PBXProject section */
		6B196DFB19312ED200D675C7 /* Project object */ = {
			isa = PBXProject;
			attributes = {
				LastUpgradeCheck = 0510;
				ORGANIZATIONNAME = "Hikari Senju";
				TargetAttributes = {
					6B196E0219312ED200D675C7 = {
						DevelopmentTeam = 7C46BXUFXT;
					};
					6B196E2319312ED200D675C7 = {
						TestTargetID = 6B196E0219312ED200D675C7;
					};
				};
			};
			buildConfigurationList = 6B196DFE19312ED200D675C7 /* Build configuration list for PBXProject "PerfectBinding" */;
			compatibilityVersion = "Xcode 3.2";
			developmentRegion = English;
			hasScannedForEncodings = 0;
			knownRegions = (
				en,
				Base,
			);
			mainGroup = 6B196DFA19312ED200D675C7;
			productRefGroup = 6B196E0419312ED200D675C7 /* Products */;
			projectDirPath = "";
			projectRoot = "";
			targets = (
				6B196E0219312ED200D675C7 /* PerfectBinding */,
				6B196E2319312ED200D675C7 /* PerfectBindingTests */,
			);
		};
/* End PBXProject section */

/* Begin PBXResourcesBuildPhase section */
		6B196E0119312ED200D675C7 /* Resources */ = {
			isa = PBXResourcesBuildPhase;
			buildActionMask = 2147483647;
			files = (
				6B196E44193135A300D675C7 /* fb_button_pressed@2x.png in Resources */,
				6B196E4819313B2300D675C7 /* separatorTimelineDark@2x.png in Resources */,
				6B196E1F19312ED200D675C7 /* Images.xcassets in Resources */,
				6B196E1119312ED200D675C7 /* InfoPlist.strings in Resources */,
				6B196E42193135A300D675C7 /* fb_button@2x.png in Resources */,
				6BF3EB1319663A93008B1A99 /* library.png in Resources */,
				6B196E1A19312ED200D675C7 /* Main.storyboard in Resources */,
				6B196E43193135A300D675C7 /* fb_button_pressed.png in Resources */,
				6B196E4719313B2300D675C7 /* separatorTimelineDark.png in Resources */,
				6B196E41193135A300D675C7 /* fb_button.png in Resources */,
			);
			runOnlyForDeploymentPostprocessing = 0;
		};
		6B196E2219312ED200D675C7 /* Resources */ = {
			isa = PBXResourcesBuildPhase;
			buildActionMask = 2147483647;
			files = (
				6B196E3019312ED200D675C7 /* InfoPlist.strings in Resources */,
			);
			runOnlyForDeploymentPostprocessing = 0;
		};
/* End PBXResourcesBuildPhase section */

/* Begin PBXShellScriptBuildPhase section */
		567FCAC239F14F32B9AD6629 /* Copy Pods Resources */ = {
			isa = PBXShellScriptBuildPhase;
			buildActionMask = 2147483647;
			files = (
			);
			inputPaths = (
			);
			name = "Copy Pods Resources";
			outputPaths = (
			);
			runOnlyForDeploymentPostprocessing = 0;
			shellPath = /bin/sh;
			shellScript = "\"${SRCROOT}/Pods/Pods-resources.sh\"\n";
			showEnvVarsInLog = 0;
		};
		FA8E9CA0E402468A81617AE8 /* Check Pods Manifest.lock */ = {
			isa = PBXShellScriptBuildPhase;
			buildActionMask = 2147483647;
			files = (
			);
			inputPaths = (
			);
			name = "Check Pods Manifest.lock";
			outputPaths = (
			);
			runOnlyForDeploymentPostprocessing = 0;
			shellPath = /bin/sh;
			shellScript = "diff \"${PODS_ROOT}/../Podfile.lock\" \"${PODS_ROOT}/Manifest.lock\" > /dev/null\nif [[ $? != 0 ]] ; then\n    cat << EOM\nerror: The sandbox is not in sync with the Podfile.lock. Run 'pod install' or update your CocoaPods installation.\nEOM\n    exit 1\nfi\n";
			showEnvVarsInLog = 0;
		};
/* End PBXShellScriptBuildPhase section */

/* Begin PBXSourcesBuildPhase section */
		6B196DFF19312ED200D675C7 /* Sources */ = {
			isa = PBXSourcesBuildPhase;
			buildActionMask = 2147483647;
			files = (
				6B196E1D19312ED200D675C7 /* LoginViewController.m in Sources */,
				6B67920B1944E178001D8F8D /* TableViewCell.m in Sources */,
				6B196E1719312ED200D675C7 /* AppDelegate.m in Sources */,
				6B196E4E1931448200D675C7 /* TableViewController.m in Sources */,
				6B265AAE194BA9F200D71864 /* DTableViewCell.m in Sources */,
				6BA2C788196F3C9E005B21A9 /* DDDTableViewCell.m in Sources */,
				6B196E571931464700D675C7 /* HomeViewController.m in Sources */,
				6B265AB3194EA4B600D71864 /* TextAnswerCell.m in Sources */,
				6BAF6ACF1946B337009DDE4F /* DTableViewController.m in Sources */,
				6B196E1319312ED200D675C7 /* main.m in Sources */,
				6B265ABA194F564700D71864 /* DDTableViewController.m in Sources */,
				6BA2C784196F3C58005B21A9 /* DDDTableViewController.m in Sources */,
				6B265AB6194F560500D71864 /* DDTableViewCell.m in Sources */,
			);
			runOnlyForDeploymentPostprocessing = 0;
		};
		6B196E2019312ED200D675C7 /* Sources */ = {
			isa = PBXSourcesBuildPhase;
			buildActionMask = 2147483647;
			files = (
				6B196E3219312ED200D675C7 /* PerfectBindingTests.m in Sources */,
			);
			runOnlyForDeploymentPostprocessing = 0;
		};
/* End PBXSourcesBuildPhase section */

/* Begin PBXTargetDependency section */
		6B196E2A19312ED200D675C7 /* PBXTargetDependency */ = {
			isa = PBXTargetDependency;
			target = 6B196E0219312ED200D675C7 /* PerfectBinding */;
			targetProxy = 6B196E2919312ED200D675C7 /* PBXContainerItemProxy */;
		};
/* End PBXTargetDependency section */

/* Begin PBXVariantGroup section */
		6B196E0F19312ED200D675C7 /* InfoPlist.strings */ = {
			isa = PBXVariantGroup;
			children = (
				6B196E1019312ED200D675C7 /* en */,
			);
			name = InfoPlist.strings;
			sourceTree = "<group>";
		};
		6B196E1819312ED200D675C7 /* Main.storyboard */ = {
			isa = PBXVariantGroup;
			children = (
				6B196E1919312ED200D675C7 /* Base */,
			);
			name = Main.storyboard;
			sourceTree = "<group>";
		};
		6B196E2E19312ED200D675C7 /* InfoPlist.strings */ = {
			isa = PBXVariantGroup;
			children = (
				6B196E2F19312ED200D675C7 /* en */,
			);
			name = InfoPlist.strings;
			sourceTree = "<group>";
		};
/* End PBXVariantGroup section */

/* Begin XCBuildConfiguration section */
		6B196E3319312ED200D675C7 /* Debug */ = {
			isa = XCBuildConfiguration;
			buildSettings = {
				ALWAYS_SEARCH_USER_PATHS = NO;
				CLANG_CXX_LANGUAGE_STANDARD = "gnu++0x";
				CLANG_CXX_LIBRARY = "libc++";
				CLANG_ENABLE_MODULES = YES;
				CLANG_ENABLE_OBJC_ARC = YES;
				CLANG_WARN_BOOL_CONVERSION = YES;
				CLANG_WARN_CONSTANT_CONVERSION = YES;
				CLANG_WARN_DIRECT_OBJC_ISA_USAGE = YES_ERROR;
				CLANG_WARN_EMPTY_BODY = YES;
				CLANG_WARN_ENUM_CONVERSION = YES;
				CLANG_WARN_INT_CONVERSION = YES;
				CLANG_WARN_OBJC_ROOT_CLASS = YES_ERROR;
				CLANG_WARN__DUPLICATE_METHOD_MATCH = YES;
				CODE_SIGN_IDENTITY = "iPhone Developer: Hikari Senju (VYZ5P5363L)";
				"CODE_SIGN_IDENTITY[sdk=iphoneos*]" = "iPhone Developer: Hikari Senju (VYZ5P5363L)";
				COPY_PHASE_STRIP = NO;
				GCC_C_LANGUAGE_STANDARD = gnu99;
				GCC_DYNAMIC_NO_PIC = NO;
				GCC_OPTIMIZATION_LEVEL = 0;
				GCC_PREPROCESSOR_DEFINITIONS = (
					"DEBUG=1",
					"$(inherited)",
				);
				GCC_SYMBOLS_PRIVATE_EXTERN = NO;
				GCC_WARN_64_TO_32_BIT_CONVERSION = YES;
				GCC_WARN_ABOUT_RETURN_TYPE = YES_ERROR;
				GCC_WARN_UNDECLARED_SELECTOR = YES;
				GCC_WARN_UNINITIALIZED_AUTOS = YES_AGGRESSIVE;
				GCC_WARN_UNUSED_FUNCTION = YES;
				GCC_WARN_UNUSED_VARIABLE = YES;
				IPHONEOS_DEPLOYMENT_TARGET = 7.1;
				ONLY_ACTIVE_ARCH = YES;
				PROVISIONING_PROFILE = "FD6CADDC-FC57-4470-8878-9AF075EEE999";
				SDKROOT = iphoneos;
			};
			name = Debug;
		};
		6B196E3419312ED200D675C7 /* Release */ = {
			isa = XCBuildConfiguration;
			buildSettings = {
				ALWAYS_SEARCH_USER_PATHS = NO;
				CLANG_CXX_LANGUAGE_STANDARD = "gnu++0x";
				CLANG_CXX_LIBRARY = "libc++";
				CLANG_ENABLE_MODULES = YES;
				CLANG_ENABLE_OBJC_ARC = YES;
				CLANG_WARN_BOOL_CONVERSION = YES;
				CLANG_WARN_CONSTANT_CONVERSION = YES;
				CLANG_WARN_DIRECT_OBJC_ISA_USAGE = YES_ERROR;
				CLANG_WARN_EMPTY_BODY = YES;
				CLANG_WARN_ENUM_CONVERSION = YES;
				CLANG_WARN_INT_CONVERSION = YES;
				CLANG_WARN_OBJC_ROOT_CLASS = YES_ERROR;
				CLANG_WARN__DUPLICATE_METHOD_MATCH = YES;
				CODE_SIGN_IDENTITY = "iPhone Developer: Hikari Senju (VYZ5P5363L)";
				"CODE_SIGN_IDENTITY[sdk=iphoneos*]" = "iPhone Developer: Hikari Senju (VYZ5P5363L)";
				COPY_PHASE_STRIP = YES;
				ENABLE_NS_ASSERTIONS = NO;
				GCC_C_LANGUAGE_STANDARD = gnu99;
				GCC_WARN_64_TO_32_BIT_CONVERSION = YES;
				GCC_WARN_ABOUT_RETURN_TYPE = YES_ERROR;
				GCC_WARN_UNDECLARED_SELECTOR = YES;
				GCC_WARN_UNINITIALIZED_AUTOS = YES_AGGRESSIVE;
				GCC_WARN_UNUSED_FUNCTION = YES;
				GCC_WARN_UNUSED_VARIABLE = YES;
				IPHONEOS_DEPLOYMENT_TARGET = 7.1;
				PROVISIONING_PROFILE = "FD6CADDC-FC57-4470-8878-9AF075EEE999";
				SDKROOT = iphoneos;
				VALIDATE_PRODUCT = YES;
			};
			name = Release;
		};
		6B196E3619312ED200D675C7 /* Debug */ = {
			isa = XCBuildConfiguration;
			baseConfigurationReference = 042B7906D6BF4C45B67B20BF /* Pods.xcconfig */;
			buildSettings = {
				ASSETCATALOG_COMPILER_APPICON_NAME = AppIcon;
				ASSETCATALOG_COMPILER_LAUNCHIMAGE_NAME = LaunchImage;
				CODE_SIGN_IDENTITY = "iPhone Developer";
				"CODE_SIGN_IDENTITY[sdk=iphoneos*]" = "iPhone Developer";
				FRAMEWORK_SEARCH_PATHS = (
					"$(inherited)",
					"$(PROJECT_DIR)/Resources/FacebookSDK",
					"$(PROJECT_DIR)/Resources",
					"$(PROJECT_DIR)",
				);
				GCC_PRECOMPILE_PREFIX_HEADER = YES;
				GCC_PREFIX_HEADER = "PerfectBinding/PerfectBinding-Prefix.pch";
				HEADER_SEARCH_PATHS = "\"${PODS_ROOT}/Headers\"";
				INFOPLIST_FILE = "PerfectBinding/PerfectBinding-Info.plist";
				PRODUCT_NAME = "$(TARGET_NAME)";
				PROVISIONING_PROFILE = "FD6CADDC-FC57-4470-8878-9AF075EEE999";
				WRAPPER_EXTENSION = app;
			};
			name = Debug;
		};
		6B196E3719312ED200D675C7 /* Release */ = {
			isa = XCBuildConfiguration;
			baseConfigurationReference = 042B7906D6BF4C45B67B20BF /* Pods.xcconfig */;
			buildSettings = {
				ASSETCATALOG_COMPILER_APPICON_NAME = AppIcon;
				ASSETCATALOG_COMPILER_LAUNCHIMAGE_NAME = LaunchImage;
				CODE_SIGN_IDENTITY = "iPhone Developer";
				"CODE_SIGN_IDENTITY[sdk=iphoneos*]" = "iPhone Developer";
				FRAMEWORK_SEARCH_PATHS = (
					"$(inherited)",
					"$(PROJECT_DIR)/Resources/FacebookSDK",
					"$(PROJECT_DIR)/Resources",
					"$(PROJECT_DIR)",
				);
				GCC_PRECOMPILE_PREFIX_HEADER = YES;
				GCC_PREFIX_HEADER = "PerfectBinding/PerfectBinding-Prefix.pch";
				HEADER_SEARCH_PATHS = "\"${PODS_ROOT}/Headers\"";
				INFOPLIST_FILE = "PerfectBinding/PerfectBinding-Info.plist";
				PRODUCT_NAME = "$(TARGET_NAME)";
				PROVISIONING_PROFILE = "FD6CADDC-FC57-4470-8878-9AF075EEE999";
				WRAPPER_EXTENSION = app;
			};
			name = Release;
		};
		6B196E3919312ED200D675C7 /* Debug */ = {
			isa = XCBuildConfiguration;
			buildSettings = {
				BUNDLE_LOADER = "$(BUILT_PRODUCTS_DIR)/PerfectBinding.app/PerfectBinding";
				FRAMEWORK_SEARCH_PATHS = (
					"$(SDKROOT)/Developer/Library/Frameworks",
					"$(inherited)",
					"$(DEVELOPER_FRAMEWORKS_DIR)",
				);
				GCC_PRECOMPILE_PREFIX_HEADER = YES;
				GCC_PREFIX_HEADER = "PerfectBinding/PerfectBinding-Prefix.pch";
				GCC_PREPROCESSOR_DEFINITIONS = (
					"DEBUG=1",
					"$(inherited)",
				);
				INFOPLIST_FILE = "PerfectBindingTests/PerfectBindingTests-Info.plist";
				PRODUCT_NAME = "$(TARGET_NAME)";
				TEST_HOST = "$(BUNDLE_LOADER)";
				WRAPPER_EXTENSION = xctest;
			};
			name = Debug;
		};
		6B196E3A19312ED200D675C7 /* Release */ = {
			isa = XCBuildConfiguration;
			buildSettings = {
				BUNDLE_LOADER = "$(BUILT_PRODUCTS_DIR)/PerfectBinding.app/PerfectBinding";
				FRAMEWORK_SEARCH_PATHS = (
					"$(SDKROOT)/Developer/Library/Frameworks",
					"$(inherited)",
					"$(DEVELOPER_FRAMEWORKS_DIR)",
				);
				GCC_PRECOMPILE_PREFIX_HEADER = YES;
				GCC_PREFIX_HEADER = "PerfectBinding/PerfectBinding-Prefix.pch";
				INFOPLIST_FILE = "PerfectBindingTests/PerfectBindingTests-Info.plist";
				PRODUCT_NAME = "$(TARGET_NAME)";
				TEST_HOST = "$(BUNDLE_LOADER)";
				WRAPPER_EXTENSION = xctest;
			};
			name = Release;
		};
/* End XCBuildConfiguration section */

/* Begin XCConfigurationList section */
		6B196DFE19312ED200D675C7 /* Build configuration list for PBXProject "PerfectBinding" */ = {
			isa = XCConfigurationList;
			buildConfigurations = (
				6B196E3319312ED200D675C7 /* Debug */,
				6B196E3419312ED200D675C7 /* Release */,
			);
			defaultConfigurationIsVisible = 0;
			defaultConfigurationName = Release;
		};
		6B196E3519312ED200D675C7 /* Build configuration list for PBXNativeTarget "PerfectBinding" */ = {
			isa = XCConfigurationList;
			buildConfigurations = (
				6B196E3619312ED200D675C7 /* Debug */,
				6B196E3719312ED200D675C7 /* Release */,
			);
			defaultConfigurationIsVisible = 0;
			defaultConfigurationName = Release;
		};
		6B196E3819312ED200D675C7 /* Build configuration list for PBXNativeTarget "PerfectBindingTests" */ = {
			isa = XCConfigurationList;
			buildConfigurations = (
				6B196E3919312ED200D675C7 /* Debug */,
				6B196E3A19312ED200D675C7 /* Release */,
			);
			defaultConfigurationIsVisible = 0;
			defaultConfigurationName = Release;
		};
/* End XCConfigurationList section */
	};
	rootObject = 6B196DFB19312ED200D675C7 /* Project object */;
}
