// !$*UTF8*$!
{
	archiveVersion = 1;
	classes = {
	};
	objectVersion = 46;
	objects = {

/* Begin PBXBuildFile section */
		6BD4E61F193E4628001F9E86 /* AppDelegate.swift in Sources */ = {isa = PBXBuildFile; fileRef = 6BD4E61E193E4628001F9E86 /* AppDelegate.swift */; };
		6BD4E621193E4628001F9E86 /* MasterViewController.swift in Sources */ = {isa = PBXBuildFile; fileRef = 6BD4E620193E4628001F9E86 /* MasterViewController.swift */; };
		6BD4E623193E4628001F9E86 /* DetailViewController.swift in Sources */ = {isa = PBXBuildFile; fileRef = 6BD4E622193E4628001F9E86 /* DetailViewController.swift */; };
		6BD4E626193E4628001F9E86 /* Main.storyboard in Resources */ = {isa = PBXBuildFile; fileRef = 6BD4E624193E4628001F9E86 /* Main.storyboard */; };
		6BD4E628193E4628001F9E86 /* Images.xcassets in Resources */ = {isa = PBXBuildFile; fileRef = 6BD4E627193E4628001F9E86 /* Images.xcassets */; };
		6BD4E634193E4628001F9E86 /* balloonTests.swift in Sources */ = {isa = PBXBuildFile; fileRef = 6BD4E633193E4628001F9E86 /* balloonTests.swift */; };
/* End PBXBuildFile section */

/* Begin PBXContainerItemProxy section */
		6BD4E62E193E4628001F9E86 /* PBXContainerItemProxy */ = {
			isa = PBXContainerItemProxy;
			containerPortal = 6BD4E611193E4628001F9E86 /* Project object */;
			proxyType = 1;
			remoteGlobalIDString = 6BD4E618193E4628001F9E86;
			remoteInfo = balloon;
		};
/* End PBXContainerItemProxy section */

/* Begin PBXFileReference section */
		6BD4E619193E4628001F9E86 /* balloon.app */ = {isa = PBXFileReference; explicitFileType = wrapper.application; includeInIndex = 0; path = balloon.app; sourceTree = BUILT_PRODUCTS_DIR; };
		6BD4E61D193E4628001F9E86 /* Info.plist */ = {isa = PBXFileReference; lastKnownFileType = text.plist.xml; path = Info.plist; sourceTree = "<group>"; };
		6BD4E61E193E4628001F9E86 /* AppDelegate.swift */ = {isa = PBXFileReference; lastKnownFileType = sourcecode.swift; path = AppDelegate.swift; sourceTree = "<group>"; };
		6BD4E620193E4628001F9E86 /* MasterViewController.swift */ = {isa = PBXFileReference; lastKnownFileType = sourcecode.swift; path = MasterViewController.swift; sourceTree = "<group>"; };
		6BD4E622193E4628001F9E86 /* DetailViewController.swift */ = {isa = PBXFileReference; lastKnownFileType = sourcecode.swift; path = DetailViewController.swift; sourceTree = "<group>"; };
		6BD4E625193E4628001F9E86 /* Base */ = {isa = PBXFileReference; lastKnownFileType = file.storyboard; name = Base; path = Base.lproj/Main.storyboard; sourceTree = "<group>"; };
		6BD4E627193E4628001F9E86 /* Images.xcassets */ = {isa = PBXFileReference; lastKnownFileType = folder.assetcatalog; path = Images.xcassets; sourceTree = "<group>"; };
		6BD4E62D193E4628001F9E86 /* balloonTests.xctest */ = {isa = PBXFileReference; explicitFileType = wrapper.cfbundle; includeInIndex = 0; path = balloonTests.xctest; sourceTree = BUILT_PRODUCTS_DIR; };
		6BD4E632193E4628001F9E86 /* Info.plist */ = {isa = PBXFileReference; lastKnownFileType = text.plist.xml; path = Info.plist; sourceTree = "<group>"; };
		6BD4E633193E4628001F9E86 /* balloonTests.swift */ = {isa = PBXFileReference; lastKnownFileType = sourcecode.swift; path = balloonTests.swift; sourceTree = "<group>"; };
/* End PBXFileReference section */

/* Begin PBXFrameworksBuildPhase section */
		6BD4E616193E4628001F9E86 /* Frameworks */ = {
			isa = PBXFrameworksBuildPhase;
			buildActionMask = 2147483647;
			files = (
			);
			runOnlyForDeploymentPostprocessing = 0;
		};
		6BD4E62A193E4628001F9E86 /* Frameworks */ = {
			isa = PBXFrameworksBuildPhase;
			buildActionMask = 2147483647;
			files = (
			);
			runOnlyForDeploymentPostprocessing = 0;
		};
/* End PBXFrameworksBuildPhase section */

/* Begin PBXGroup section */
		6BD4E610193E4628001F9E86 = {
			isa = PBXGroup;
			children = (
				6BD4E61B193E4628001F9E86 /* balloon */,
				6BD4E630193E4628001F9E86 /* balloonTests */,
				6BD4E61A193E4628001F9E86 /* Products */,
			);
			sourceTree = "<group>";
		};
		6BD4E61A193E4628001F9E86 /* Products */ = {
			isa = PBXGroup;
			children = (
				6BD4E619193E4628001F9E86 /* balloon.app */,
				6BD4E62D193E4628001F9E86 /* balloonTests.xctest */,
			);
			name = Products;
			sourceTree = "<group>";
		};
		6BD4E61B193E4628001F9E86 /* balloon */ = {
			isa = PBXGroup;
			children = (
				6BD4E61E193E4628001F9E86 /* AppDelegate.swift */,
				6BD4E620193E4628001F9E86 /* MasterViewController.swift */,
				6BD4E622193E4628001F9E86 /* DetailViewController.swift */,
				6BD4E624193E4628001F9E86 /* Main.storyboard */,
				6BD4E627193E4628001F9E86 /* Images.xcassets */,
				6BD4E61C193E4628001F9E86 /* Supporting Files */,
			);
			path = balloon;
			sourceTree = "<group>";
		};
		6BD4E61C193E4628001F9E86 /* Supporting Files */ = {
			isa = PBXGroup;
			children = (
				6BD4E61D193E4628001F9E86 /* Info.plist */,
			);
			name = "Supporting Files";
			sourceTree = "<group>";
		};
		6BD4E630193E4628001F9E86 /* balloonTests */ = {
			isa = PBXGroup;
			children = (
				6BD4E633193E4628001F9E86 /* balloonTests.swift */,
				6BD4E631193E4628001F9E86 /* Supporting Files */,
			);
			path = balloonTests;
			sourceTree = "<group>";
		};
		6BD4E631193E4628001F9E86 /* Supporting Files */ = {
			isa = PBXGroup;
			children = (
				6BD4E632193E4628001F9E86 /* Info.plist */,
			);
			name = "Supporting Files";
			sourceTree = "<group>";
		};
/* End PBXGroup section */

/* Begin PBXNativeTarget section */
		6BD4E618193E4628001F9E86 /* balloon */ = {
			isa = PBXNativeTarget;
			buildConfigurationList = 6BD4E637193E4628001F9E86 /* Build configuration list for PBXNativeTarget "balloon" */;
			buildPhases = (
				6BD4E615193E4628001F9E86 /* Sources */,
				6BD4E616193E4628001F9E86 /* Frameworks */,
				6BD4E617193E4628001F9E86 /* Resources */,
			);
			buildRules = (
			);
			dependencies = (
			);
			name = balloon;
			productName = balloon;
			productReference = 6BD4E619193E4628001F9E86 /* balloon.app */;
			productType = "com.apple.product-type.application";
		};
		6BD4E62C193E4628001F9E86 /* balloonTests */ = {
			isa = PBXNativeTarget;
			buildConfigurationList = 6BD4E63A193E4628001F9E86 /* Build configuration list for PBXNativeTarget "balloonTests" */;
			buildPhases = (
				6BD4E629193E4628001F9E86 /* Sources */,
				6BD4E62A193E4628001F9E86 /* Frameworks */,
				6BD4E62B193E4628001F9E86 /* Resources */,
			);
			buildRules = (
			);
			dependencies = (
				6BD4E62F193E4628001F9E86 /* PBXTargetDependency */,
			);
			name = balloonTests;
			productName = balloonTests;
			productReference = 6BD4E62D193E4628001F9E86 /* balloonTests.xctest */;
			productType = "com.apple.product-type.bundle.unit-test";
		};
/* End PBXNativeTarget section */

/* Begin PBXProject section */
		6BD4E611193E4628001F9E86 /* Project object */ = {
			isa = PBXProject;
			attributes = {
				LastUpgradeCheck = 0600;
				ORGANIZATIONNAME = "Hikari Senju";
				TargetAttributes = {
					6BD4E618193E4628001F9E86 = {
						CreatedOnToolsVersion = 6.0;
					};
					6BD4E62C193E4628001F9E86 = {
						CreatedOnToolsVersion = 6.0;
						TestTargetID = 6BD4E618193E4628001F9E86;
					};
				};
			};
			buildConfigurationList = 6BD4E614193E4628001F9E86 /* Build configuration list for PBXProject "balloon" */;
			compatibilityVersion = "Xcode 3.2";
			developmentRegion = English;
			hasScannedForEncodings = 0;
			knownRegions = (
				en,
				Base,
			);
			mainGroup = 6BD4E610193E4628001F9E86;
			productRefGroup = 6BD4E61A193E4628001F9E86 /* Products */;
			projectDirPath = "";
			projectRoot = "";
			targets = (
				6BD4E618193E4628001F9E86 /* balloon */,
				6BD4E62C193E4628001F9E86 /* balloonTests */,
			);
		};
/* End PBXProject section */

/* Begin PBXResourcesBuildPhase section */
		6BD4E617193E4628001F9E86 /* Resources */ = {
			isa = PBXResourcesBuildPhase;
			buildActionMask = 2147483647;
			files = (
				6BD4E626193E4628001F9E86 /* Main.storyboard in Resources */,
				6BD4E628193E4628001F9E86 /* Images.xcassets in Resources */,
			);
			runOnlyForDeploymentPostprocessing = 0;
		};
		6BD4E62B193E4628001F9E86 /* Resources */ = {
			isa = PBXResourcesBuildPhase;
			buildActionMask = 2147483647;
			files = (
			);
			runOnlyForDeploymentPostprocessing = 0;
		};
/* End PBXResourcesBuildPhase section */

/* Begin PBXSourcesBuildPhase section */
		6BD4E615193E4628001F9E86 /* Sources */ = {
			isa = PBXSourcesBuildPhase;
			buildActionMask = 2147483647;
			files = (
				6BD4E623193E4628001F9E86 /* DetailViewController.swift in Sources */,
				6BD4E621193E4628001F9E86 /* MasterViewController.swift in Sources */,
				6BD4E61F193E4628001F9E86 /* AppDelegate.swift in Sources */,
			);
			runOnlyForDeploymentPostprocessing = 0;
		};
		6BD4E629193E4628001F9E86 /* Sources */ = {
			isa = PBXSourcesBuildPhase;
			buildActionMask = 2147483647;
			files = (
				6BD4E634193E4628001F9E86 /* balloonTests.swift in Sources */,
			);
			runOnlyForDeploymentPostprocessing = 0;
		};
/* End PBXSourcesBuildPhase section */

/* Begin PBXTargetDependency section */
		6BD4E62F193E4628001F9E86 /* PBXTargetDependency */ = {
			isa = PBXTargetDependency;
			target = 6BD4E618193E4628001F9E86 /* balloon */;
			targetProxy = 6BD4E62E193E4628001F9E86 /* PBXContainerItemProxy */;
		};
/* End PBXTargetDependency section */

/* Begin PBXVariantGroup section */
		6BD4E624193E4628001F9E86 /* Main.storyboard */ = {
			isa = PBXVariantGroup;
			children = (
				6BD4E625193E4628001F9E86 /* Base */,
			);
			name = Main.storyboard;
			sourceTree = "<group>";
		};
/* End PBXVariantGroup section */

/* Begin XCBuildConfiguration section */
		6BD4E635193E4628001F9E86 /* Debug */ = {
			isa = XCBuildConfiguration;
			buildSettings = {
				ALWAYS_SEARCH_USER_PATHS = NO;
				CLANG_CXX_LANGUAGE_STANDARD = "gnu++0x";
				CLANG_CXX_LIBRARY = "libc++";
				CLANG_ENABLE_MODULES = YES;
				CLANG_ENABLE_OBJC_ARC = YES;
				CLANG_WARN_BOOL_CONVERSION = YES;
				CLANG_WARN_CONSTANT_CONVERSION = YES;
				CLANG_WARN_DIRECT_OBJC_ISA_USAGE = YES_ERROR;
				CLANG_WARN_EMPTY_BODY = YES;
				CLANG_WARN_ENUM_CONVERSION = YES;
				CLANG_WARN_INT_CONVERSION = YES;
				CLANG_WARN_OBJC_ROOT_CLASS = YES_ERROR;
				CLANG_WARN_UNREACHABLE_CODE = YES;
				CLANG_WARN__DUPLICATE_METHOD_MATCH = YES;
				"CODE_SIGN_IDENTITY[sdk=iphoneos*]" = "iPhone Developer";
				COPY_PHASE_STRIP = NO;
				ENABLE_STRICT_OBJC_MSGSEND = YES;
				GCC_C_LANGUAGE_STANDARD = gnu99;
				GCC_DYNAMIC_NO_PIC = NO;
				GCC_OPTIMIZATION_LEVEL = 0;
				GCC_PREPROCESSOR_DEFINITIONS = (
					"DEBUG=1",
					"$(inherited)",
				);
				GCC_SYMBOLS_PRIVATE_EXTERN = NO;
				GCC_WARN_64_TO_32_BIT_CONVERSION = YES;
				GCC_WARN_ABOUT_RETURN_TYPE = YES_ERROR;
				GCC_WARN_UNDECLARED_SELECTOR = YES;
				GCC_WARN_UNINITIALIZED_AUTOS = YES_AGGRESSIVE;
				GCC_WARN_UNUSED_FUNCTION = YES;
				GCC_WARN_UNUSED_VARIABLE = YES;
				IPHONEOS_DEPLOYMENT_TARGET = 8.0;
				METAL_ENABLE_DEBUG_INFO = YES;
				ONLY_ACTIVE_ARCH = YES;
				SDKROOT = iphoneos;
				SWIFT_OPTIMIZATION_LEVEL = "-Onone";
			};
			name = Debug;
		};
		6BD4E636193E4628001F9E86 /* Release */ = {
			isa = XCBuildConfiguration;
			buildSettings = {
				ALWAYS_SEARCH_USER_PATHS = NO;
				CLANG_CXX_LANGUAGE_STANDARD = "gnu++0x";
				CLANG_CXX_LIBRARY = "libc++";
				CLANG_ENABLE_MODULES = YES;
				CLANG_ENABLE_OBJC_ARC = YES;
				CLANG_WARN_BOOL_CONVERSION = YES;
				CLANG_WARN_CONSTANT_CONVERSION = YES;
				CLANG_WARN_DIRECT_OBJC_ISA_USAGE = YES_ERROR;
				CLANG_WARN_EMPTY_BODY = YES;
				CLANG_WARN_ENUM_CONVERSION = YES;
				CLANG_WARN_INT_CONVERSION = YES;
				CLANG_WARN_OBJC_ROOT_CLASS = YES_ERROR;
				CLANG_WARN_UNREACHABLE_CODE = YES;
				CLANG_WARN__DUPLICATE_METHOD_MATCH = YES;
				"CODE_SIGN_IDENTITY[sdk=iphoneos*]" = "iPhone Developer";
				COPY_PHASE_STRIP = YES;
				ENABLE_NS_ASSERTIONS = NO;
				ENABLE_STRICT_OBJC_MSGSEND = YES;
				GCC_C_LANGUAGE_STANDARD = gnu99;
				GCC_WARN_64_TO_32_BIT_CONVERSION = YES;
				GCC_WARN_ABOUT_RETURN_TYPE = YES_ERROR;
				GCC_WARN_UNDECLARED_SELECTOR = YES;
				GCC_WARN_UNINITIALIZED_AUTOS = YES_AGGRESSIVE;
				GCC_WARN_UNUSED_FUNCTION = YES;
				GCC_WARN_UNUSED_VARIABLE = YES;
				IPHONEOS_DEPLOYMENT_TARGET = 8.0;
				METAL_ENABLE_DEBUG_INFO = NO;
				SDKROOT = iphoneos;
				VALIDATE_PRODUCT = YES;
			};
			name = Release;
		};
		6BD4E638193E4628001F9E86 /* Debug */ = {
			isa = XCBuildConfiguration;
			buildSettings = {
				ASSETCATALOG_COMPILER_APPICON_NAME = AppIcon;
				ASSETCATALOG_COMPILER_LAUNCHIMAGE_NAME = LaunchImage;
				INFOPLIST_FILE = balloon/Info.plist;
				LD_RUNPATH_SEARCH_PATHS = "$(inherited) @executable_path/Frameworks";
				PRODUCT_NAME = "$(TARGET_NAME)";
			};
			name = Debug;
		};
		6BD4E639193E4628001F9E86 /* Release */ = {
			isa = XCBuildConfiguration;
			buildSettings = {
				ASSETCATALOG_COMPILER_APPICON_NAME = AppIcon;
				ASSETCATALOG_COMPILER_LAUNCHIMAGE_NAME = LaunchImage;
				INFOPLIST_FILE = balloon/Info.plist;
				LD_RUNPATH_SEARCH_PATHS = "$(inherited) @executable_path/Frameworks";
				PRODUCT_NAME = "$(TARGET_NAME)";
			};
			name = Release;
		};
		6BD4E63B193E4628001F9E86 /* Debug */ = {
			isa = XCBuildConfiguration;
			buildSettings = {
				BUNDLE_LOADER = "$(BUILT_PRODUCTS_DIR)/balloon.app/balloon";
				FRAMEWORK_SEARCH_PATHS = (
					"$(SDKROOT)/Developer/Library/Frameworks",
					"$(inherited)",
				);
				GCC_PREPROCESSOR_DEFINITIONS = (
					"DEBUG=1",
					"$(inherited)",
				);
				INFOPLIST_FILE = balloonTests/Info.plist;
				LD_RUNPATH_SEARCH_PATHS = "$(inherited) @executable_path/Frameworks @loader_path/Frameworks";
				METAL_ENABLE_DEBUG_INFO = YES;
				PRODUCT_NAME = "$(TARGET_NAME)";
				TEST_HOST = "$(BUNDLE_LOADER)";
			};
			name = Debug;
		};
		6BD4E63C193E4628001F9E86 /* Release */ = {
			isa = XCBuildConfiguration;
			buildSettings = {
				BUNDLE_LOADER = "$(BUILT_PRODUCTS_DIR)/balloon.app/balloon";
				FRAMEWORK_SEARCH_PATHS = (
					"$(SDKROOT)/Developer/Library/Frameworks",
					"$(inherited)",
				);
				INFOPLIST_FILE = balloonTests/Info.plist;
				LD_RUNPATH_SEARCH_PATHS = "$(inherited) @executable_path/Frameworks @loader_path/Frameworks";
				METAL_ENABLE_DEBUG_INFO = NO;
				PRODUCT_NAME = "$(TARGET_NAME)";
				TEST_HOST = "$(BUNDLE_LOADER)";
			};
			name = Release;
		};
/* End XCBuildConfiguration section */

/* Begin XCConfigurationList section */
		6BD4E614193E4628001F9E86 /* Build configuration list for PBXProject "balloon" */ = {
			isa = XCConfigurationList;
			buildConfigurations = (
				6BD4E635193E4628001F9E86 /* Debug */,
				6BD4E636193E4628001F9E86 /* Release */,
			);
			defaultConfigurationIsVisible = 0;
			defaultConfigurationName = Release;
		};
		6BD4E637193E4628001F9E86 /* Build configuration list for PBXNativeTarget "balloon" */ = {
			isa = XCConfigurationList;
			buildConfigurations = (
				6BD4E638193E4628001F9E86 /* Debug */,
				6BD4E639193E4628001F9E86 /* Release */,
			);
			defaultConfigurationIsVisible = 0;
		};
		6BD4E63A193E4628001F9E86 /* Build configuration list for PBXNativeTarget "balloonTests" */ = {
			isa = XCConfigurationList;
			buildConfigurations = (
				6BD4E63B193E4628001F9E86 /* Debug */,
				6BD4E63C193E4628001F9E86 /* Release */,
			);
			defaultConfigurationIsVisible = 0;
		};
/* End XCConfigurationList section */
	};
	rootObject = 6BD4E611193E4628001F9E86 /* Project object */;
}
